{
  "name": "nova-lang",
  "version": "0.1.0",
  "lockfileVersion": 3,
  "requires": true,
  "packages": {
    "": {
      "name": "nova-lang",
      "version": "0.1.0",
      "license": "MIT",
      "bin": {
        "nova": "src/main/cli.js"
      },
      "engines": {
        "node": ">=16.0.0"
      }
    }
  }
}
